
Microsoft Visual Studio Solution File, Format Version 12.00
# Visual Studio Version 17
VisualStudioVersion = 17.4.33403.182
MinimumVisualStudioVersion = 10.0.40219.1
Project("{FAE04EC0-301F-11D3-BF4B-00C04F79EFBC}") = "Web_Application_Paypal", "Web_Application_Paypal\Web_Application_Paypal.csproj", "{851649B9-F9A9-4B47-B42F-780FCC3A73AF}"
EndProject
Global
	GlobalSection(SolutionConfigurationPlatforms) = preSolution
		Debug|Any CPU = Debug|Any CPU
		Release|Any CPU = Release|Any CPU
	EndGlobalSection
	GlobalSection(ProjectConfigurationPlatforms) = postSolution
		{851649B9-F9A9-4B47-B42F-780FCC3A73AF}.Debug|Any CPU.ActiveCfg = Debug|Any CPU
		{851649B9-F9A9-4B47-B42F-780FCC3A73AF}.Debug|Any CPU.Build.0 = Debug|Any CPU
		{851649B9-F9A9-4B47-B42F-780FCC3A73AF}.Release|Any CPU.ActiveCfg = Release|Any CPU
		{851649B9-F9A9-4B47-B42F-780FCC3A73AF}.Release|Any CPU.Build.0 = Release|Any CPU
	EndGlobalSection
	GlobalSection(SolutionProperties) = preSolution
		HideSolutionNode = FALSE
	EndGlobalSection
	GlobalSection(ExtensibilityGlobals) = postSolution
		SolutionGuid = {ADFFF738-38B9-4562-B89B-616399A7659D}
	EndGlobalSection
EndGlobal
